
Microsoft Visual Studio Solution File, Format Version 12.00
# Visual Studio Version 16
VisualStudioVersion = 16.0.31911.196
MinimumVisualStudioVersion = 10.0.40219.1
Project("{FAE04EC0-301F-11D3-BF4B-00C04F79EFBC}") = "XamarinMOTG.Android", "XamarinMOTG\XamarinMOTG.Android\XamarinMOTG.Android.csproj", "{E74D4982-1F65-4D35-858C-A7431DF06A43}"
EndProject
Project("{FAE04EC0-301F-11D3-BF4B-00C04F79EFBC}") = "XamarinMOTG.iOS", "XamarinMOTG\XamarinMOTG.iOS\XamarinMOTG.iOS.csproj", "{253E6661-7C2B-4A14-9E3E-F313A70EDF88}"
EndProject
Project("{FAE04EC0-301F-11D3-BF4B-00C04F79EFBC}") = "XamarinMOTG", "XamarinMOTG\XamarinMOTG\XamarinMOTG.csproj", "{8ECCA5EB-5568-4809-AD7F-CF09042476D4}"
EndProject
Global
	GlobalSection(SolutionConfigurationPlatforms) = preSolution
		Debug|Any CPU = Debug|Any CPU
		Debug|iPhone = Debug|iPhone
		Debug|iPhoneSimulator = Debug|iPhoneSimulator
		Release|Any CPU = Release|Any CPU
		Release|iPhone = Release|iPhone
		Release|iPhoneSimulator = Release|iPhoneSimulator
	EndGlobalSection
	GlobalSection(ProjectConfigurationPlatforms) = postSolution
		{E74D4982-1F65-4D35-858C-A7431DF06A43}.Debug|Any CPU.ActiveCfg = Debug|Any CPU
		{E74D4982-1F65-4D35-858C-A7431DF06A43}.Debug|Any CPU.Build.0 = Debug|Any CPU
		{E74D4982-1F65-4D35-858C-A7431DF06A43}.Debug|Any CPU.Deploy.0 = Debug|Any CPU
		{E74D4982-1F65-4D35-858C-A7431DF06A43}.Debug|iPhone.ActiveCfg = Debug|Any CPU
		{E74D4982-1F65-4D35-858C-A7431DF06A43}.Debug|iPhone.Build.0 = Debug|Any CPU
		{E74D4982-1F65-4D35-858C-A7431DF06A43}.Debug|iPhone.Deploy.0 = Debug|Any CPU
		{E74D4982-1F65-4D35-858C-A7431DF06A43}.Debug|iPhoneSimulator.ActiveCfg = Debug|Any CPU
		{E74D4982-1F65-4D35-858C-A7431DF06A43}.Debug|iPhoneSimulator.Build.0 = Debug|Any CPU
		{E74D4982-1F65-4D35-858C-A7431DF06A43}.Debug|iPhoneSimulator.Deploy.0 = Debug|Any CPU
		{E74D4982-1F65-4D35-858C-A7431DF06A43}.Release|Any CPU.ActiveCfg = Release|Any CPU
		{E74D4982-1F65-4D35-858C-A7431DF06A43}.Release|Any CPU.Build.0 = Release|Any CPU
		{E74D4982-1F65-4D35-858C-A7431DF06A43}.Release|Any CPU.Deploy.0 = Release|Any CPU
		{E74D4982-1F65-4D35-858C-A7431DF06A43}.Release|iPhone.ActiveCfg = Release|Any CPU
		{E74D4982-1F65-4D35-858C-A7431DF06A43}.Release|iPhone.Build.0 = Release|Any CPU
		{E74D4982-1F65-4D35-858C-A7431DF06A43}.Release|iPhone.Deploy.0 = Release|Any CPU
		{E74D4982-1F65-4D35-858C-A7431DF06A43}.Release|iPhoneSimulator.ActiveCfg = Release|Any CPU
		{E74D4982-1F65-4D35-858C-A7431DF06A43}.Release|iPhoneSimulator.Build.0 = Release|Any CPU
		{E74D4982-1F65-4D35-858C-A7431DF06A43}.Release|iPhoneSimulator.Deploy.0 = Release|Any CPU
		{253E6661-7C2B-4A14-9E3E-F313A70EDF88}.Debug|Any CPU.ActiveCfg = Debug|iPhone
		{253E6661-7C2B-4A14-9E3E-F313A70EDF88}.Debug|Any CPU.Build.0 = Debug|iPhone
		{253E6661-7C2B-4A14-9E3E-F313A70EDF88}.Debug|Any CPU.Deploy.0 = Debug|iPhone
		{253E6661-7C2B-4A14-9E3E-F313A70EDF88}.Debug|iPhone.ActiveCfg = Debug|iPhone
		{253E6661-7C2B-4A14-9E3E-F313A70EDF88}.Debug|iPhone.Build.0 = Debug|iPhone
		{253E6661-7C2B-4A14-9E3E-F313A70EDF88}.Debug|iPhone.Deploy.0 = Debug|iPhone
		{253E6661-7C2B-4A14-9E3E-F313A70EDF88}.Debug|iPhoneSimulator.ActiveCfg = Debug|iPhoneSimulator
		{253E6661-7C2B-4A14-9E3E-F313A70EDF88}.Debug|iPhoneSimulator.Build.0 = Debug|iPhoneSimulator
		{253E6661-7C2B-4A14-9E3E-F313A70EDF88}.Debug|iPhoneSimulator.Deploy.0 = Debug|iPhoneSimulator
		{253E6661-7C2B-4A14-9E3E-F313A70EDF88}.Release|Any CPU.ActiveCfg = Release|iPhoneSimulator
		{253E6661-7C2B-4A14-9E3E-F313A70EDF88}.Release|Any CPU.Build.0 = Release|iPhoneSimulator
		{253E6661-7C2B-4A14-9E3E-F313A70EDF88}.Release|Any CPU.Deploy.0 = Release|iPhoneSimulator
		{253E6661-7C2B-4A14-9E3E-F313A70EDF88}.Release|iPhone.ActiveCfg = Release|iPhone
		{253E6661-7C2B-4A14-9E3E-F313A70EDF88}.Release|iPhone.Build.0 = Release|iPhone
		{253E6661-7C2B-4A14-9E3E-F313A70EDF88}.Release|iPhone.Deploy.0 = Release|iPhone
		{253E6661-7C2B-4A14-9E3E-F313A70EDF88}.Release|iPhoneSimulator.ActiveCfg = Release|iPhoneSimulator
		{253E6661-7C2B-4A14-9E3E-F313A70EDF88}.Release|iPhoneSimulator.Build.0 = Release|iPhoneSimulator
		{253E6661-7C2B-4A14-9E3E-F313A70EDF88}.Release|iPhoneSimulator.Deploy.0 = Release|iPhoneSimulator
		{8ECCA5EB-5568-4809-AD7F-CF09042476D4}.Debug|Any CPU.ActiveCfg = Debug|Any CPU
		{8ECCA5EB-5568-4809-AD7F-CF09042476D4}.Debug|Any CPU.Build.0 = Debug|Any CPU
		{8ECCA5EB-5568-4809-AD7F-CF09042476D4}.Debug|Any CPU.Deploy.0 = Debug|Any CPU
		{8ECCA5EB-5568-4809-AD7F-CF09042476D4}.Debug|iPhone.ActiveCfg = Debug|Any CPU
		{8ECCA5EB-5568-4809-AD7F-CF09042476D4}.Debug|iPhone.Build.0 = Debug|Any CPU
		{8ECCA5EB-5568-4809-AD7F-CF09042476D4}.Debug|iPhone.Deploy.0 = Debug|Any CPU
		{8ECCA5EB-5568-4809-AD7F-CF09042476D4}.Debug|iPhoneSimulator.ActiveCfg = Debug|Any CPU
		{8ECCA5EB-5568-4809-AD7F-CF09042476D4}.Debug|iPhoneSimulator.Build.0 = Debug|Any CPU
		{8ECCA5EB-5568-4809-AD7F-CF09042476D4}.Debug|iPhoneSimulator.Deploy.0 = Debug|Any CPU
		{8ECCA5EB-5568-4809-AD7F-CF09042476D4}.Release|Any CPU.ActiveCfg = Release|Any CPU
		{8ECCA5EB-5568-4809-AD7F-CF09042476D4}.Release|Any CPU.Build.0 = Release|Any CPU
		{8ECCA5EB-5568-4809-AD7F-CF09042476D4}.Release|Any CPU.Deploy.0 = Release|Any CPU
		{8ECCA5EB-5568-4809-AD7F-CF09042476D4}.Release|iPhone.ActiveCfg = Release|Any CPU
		{8ECCA5EB-5568-4809-AD7F-CF09042476D4}.Release|iPhone.Build.0 = Release|Any CPU
		{8ECCA5EB-5568-4809-AD7F-CF09042476D4}.Release|iPhone.Deploy.0 = Release|Any CPU
		{8ECCA5EB-5568-4809-AD7F-CF09042476D4}.Release|iPhoneSimulator.ActiveCfg = Release|Any CPU
		{8ECCA5EB-5568-4809-AD7F-CF09042476D4}.Release|iPhoneSimulator.Build.0 = Release|Any CPU
		{8ECCA5EB-5568-4809-AD7F-CF09042476D4}.Release|iPhoneSimulator.Deploy.0 = Release|Any CPU
	EndGlobalSection
	GlobalSection(SolutionProperties) = preSolution
		HideSolutionNode = FALSE
	EndGlobalSection
	GlobalSection(ExtensibilityGlobals) = postSolution
		SolutionGuid = {8C19DF6F-DE6E-4170-A179-946AC9175BA8}
	EndGlobalSection
EndGlobal
